# This file is automatically @generated by Cargo.
# It is not intended for manual editing.
version = 4

[[package]]
name = "accelerometer"
version = "0.11.0"
source = "registry+https://github.com/rust-lang/crates.io-index"
checksum = "9fdb58b67792d50fc2e41763d7ebfff7a0fd479e8bf3a14d4c6c76415170486a"
dependencies = [
 "micromath",
]

[[package]]
name = "aligned"
version = "0.3.5"
source = "registry+https://github.com/rust-lang/crates.io-index"
checksum = "3a785a543aea40f5e4e2e93bb2655d31bc21bb391fff65697150973e383f16bb"
dependencies = [
 "as-slice",
]

[[package]]
name = "as-slice"
version = "0.1.5"
source = "registry+https://github.com/rust-lang/crates.io-index"
checksum = "45403b49e3954a4b8428a0ac21a4b7afadccf92bfd96273f1a58cd4812496ae0"
dependencies = [
 "generic-array 0.12.4",
 "generic-array 0.13.3",
 "generic-array 0.14.9",
 "stable_deref_trait",
]

[[package]]
name = "autocfg"
version = "1.5.0"
source = "registry+https://github.com/rust-lang/crates.io-index"
checksum = "c08606f8c3cbf4ce6ec8e28fb0014a2c086708fe954eaa885384a6165172e7e8"

[[package]]
name = "bare-metal"
version = "0.2.5"
source = "registry+https://github.com/rust-lang/crates.io-index"
checksum = "5deb64efa5bd81e31fcd1938615a6d98c82eafcbcd787162b6f63b91d6bac5b3"
dependencies = [
 "rustc_version 0.2.3",
]

[[package]]
name = "bare-metal"
version = "1.0.0"
source = "registry+https://github.com/rust-lang/crates.io-index"
checksum = "f8fe8f5a8a398345e52358e18ff07cc17a568fbca5c6f73873d3a62056309603"

[[package]]
name = "bitfield"
version = "0.13.2"
source = "registry+https://github.com/rust-lang/crates.io-index"
checksum = "46afbd2983a5d5a7bd740ccb198caf5b82f45c40c09c0eed36052d91cb92e719"

[[package]]
name = "cast"
version = "0.2.7"
source = "registry+https://github.com/rust-lang/crates.io-index"
checksum = "4c24dab4283a142afa2fdca129b80ad2c6284e073930f964c3a1293c225ee39a"
dependencies = [
 "rustc_version 0.4.1",
]

[[package]]
name = "chrono"
version = "0.4.42"
source = "registry+https://github.com/rust-lang/crates.io-index"
checksum = "145052bdd345b87320e369255277e3fb5152762ad123a901ef5c262dd38fe8d2"
dependencies = [
 "num-traits",
]

[[package]]
name = "cortex-m"
version = "0.6.7"
source = "registry+https://github.com/rust-lang/crates.io-index"
checksum = "9075300b07c6a56263b9b582c214d0ff037b00d45ec9fde1cc711490c56f1bb9"
dependencies = [
 "aligned",
 "bare-metal 0.2.5",
 "bitfield",
 "cortex-m 0.7.7",
 "volatile-register",
]

[[package]]
name = "cortex-m"
version = "0.7.7"
source = "registry+https://github.com/rust-lang/crates.io-index"
checksum = "8ec610d8f49840a5b376c69663b6369e71f4b34484b9b2eb29fb918d92516cb9"
dependencies = [
 "bare-metal 0.2.5",
 "bitfield",
 "embedded-hal",
 "volatile-register",
]

[[package]]
name = "cortex-m-rt"
version = "0.6.15"
source = "registry+https://github.com/rust-lang/crates.io-index"
checksum = "454f278bf469e2de0a4d22ea019d169d8944f86957c8207a39e3f66c32be2fc6"
dependencies = [
 "cortex-m-rt-macros",
 "r0",
]

[[package]]
name = "cortex-m-rt-macros"
version = "0.6.15"
source = "registry+https://github.com/rust-lang/crates.io-index"
checksum = "c8e3aa52243e26f5922fa522b0814019e0c98fc567e2756d715dce7ad7a81f49"
dependencies = [
 "proc-macro2",
 "quote",
 "syn",
]

[[package]]
name = "embedded-dma"
version = "0.1.2"
source = "registry+https://github.com/rust-lang/crates.io-index"
checksum = "46c8c02e4347a0267ca60813c952017f4c5948c232474c6010a381a337f1bda4"
dependencies = [
 "stable_deref_trait",
]

[[package]]
name = "embedded-hal"
version = "0.2.7"
source = "registry+https://github.com/rust-lang/crates.io-index"
checksum = "35949884794ad573cf46071e41c9b60efb0cb311e3ca01f7af807af1debc66ff"
dependencies = [
 "nb 0.1.3",
 "void",
]

[[package]]
name = "embedded-lab"
version = "0.1.0"
dependencies = [
 "cortex-m 0.6.7",
 "cortex-m-rt",
 "panic-halt",
 "stm32f407g-disc",
]

[[package]]
name = "generic-array"
version = "0.12.4"
source = "registry+https://github.com/rust-lang/crates.io-index"
checksum = "ffdf9f34f1447443d37393cc6c2b8313aebddcd96906caf34e54c68d8e57d7bd"
dependencies = [
 "typenum",
]

[[package]]
name = "generic-array"
version = "0.13.3"
source = "registry+https://github.com/rust-lang/crates.io-index"
checksum = "f797e67af32588215eaaab8327027ee8e71b9dd0b2b26996aedf20c030fce309"
dependencies = [
 "typenum",
]

[[package]]
name = "generic-array"
version = "0.14.9"
source = "registry+https://github.com/rust-lang/crates.io-index"
checksum = "4bb6743198531e02858aeaea5398fcc883e71851fcbcb5a2f773e2fb6cb1edf2"
dependencies = [
 "typenum",
 "version_check",
]

[[package]]
name = "lis302dl"
version = "0.1.0"
source = "registry+https://github.com/rust-lang/crates.io-index"
checksum = "6b0e23cea4ae73a799c8e9a7fcc8430384c42ef2d58e1cf049ec6170f49cd3b0"
dependencies = [
 "accelerometer",
 "embedded-hal",
]

[[package]]
name = "micromath"
version = "1.1.1"
source = "registry+https://github.com/rust-lang/crates.io-index"
checksum = "bc4010833aea396656c2f91ee704d51a6f1329ec2ab56ffd00bfd56f7481ea94"
dependencies = [
 "generic-array 0.14.9",
]

[[package]]
name = "nb"
version = "0.1.3"
source = "registry+https://github.com/rust-lang/crates.io-index"
checksum = "801d31da0513b6ec5214e9bf433a77966320625a37860f910be265be6e18d06f"
dependencies = [
 "nb 1.1.0",
]

[[package]]
name = "nb"
version = "1.1.0"
source = "registry+https://github.com/rust-lang/crates.io-index"
checksum = "8d5439c4ad607c3c23abf66de8c8bf57ba8adcd1f129e699851a6e43935d339d"

[[package]]
name = "num-traits"
version = "0.2.19"
source = "registry+https://github.com/rust-lang/crates.io-index"
checksum = "071dfc062690e90b734c0b2273ce72ad0ffa95f0c74596bc250dcfd960262841"
dependencies = [
 "autocfg",
]

[[package]]
name = "panic-halt"
version = "0.2.0"
source = "registry+https://github.com/rust-lang/crates.io-index"
checksum = "de96540e0ebde571dc55c73d60ef407c653844e6f9a1e2fdbd40c07b9252d812"

[[package]]
name = "panic-itm"
version = "0.4.2"
source = "registry+https://github.com/rust-lang/crates.io-index"
checksum = "3d577d97d1b31268087b6dddf2470e6794ef5eee87d9dca7fcd0481695391a4c"
dependencies = [
 "cortex-m 0.7.7",
]

[[package]]
name = "proc-macro2"
version = "1.0.103"
source = "registry+https://github.com/rust-lang/crates.io-index"
checksum = "5ee95bc4ef87b8d5ba32e8b7714ccc834865276eab0aed5c9958d00ec45f49e8"
dependencies = [
 "unicode-ident",
]

[[package]]
name = "quote"
version = "1.0.41"
source = "registry+https://github.com/rust-lang/crates.io-index"
checksum = "ce25767e7b499d1b604768e7cde645d14cc8584231ea6b295e9c9eb22c02e1d1"
dependencies = [
 "proc-macro2",
]

[[package]]
name = "r0"
version = "0.2.2"
source = "registry+https://github.com/rust-lang/crates.io-index"
checksum = "e2a38df5b15c8d5c7e8654189744d8e396bddc18ad48041a500ce52d6948941f"

[[package]]
name = "rand_core"
version = "0.6.4"
source = "registry+https://github.com/rust-lang/crates.io-index"
checksum = "ec0be4795e2f6a28069bec0b5ff3e2ac9bafc99e6a9a7dc3547996c5c816922c"

[[package]]
name = "rtcc"
version = "0.2.1"
source = "registry+https://github.com/rust-lang/crates.io-index"
checksum = "ef35f9dcbf434a34dcc99b3ebba1c1945d49c70832958e932e83dc63a5273994"
dependencies = [
 "chrono",
]

[[package]]
name = "rustc_version"
version = "0.2.3"
source = "registry+https://github.com/rust-lang/crates.io-index"
checksum = "138e3e0acb6c9fb258b19b67cb8abd63c00679d2851805ea151465464fe9030a"
dependencies = [
 "semver 0.9.0",
]

[[package]]
name = "rustc_version"
version = "0.4.1"
source = "registry+https://github.com/rust-lang/crates.io-index"
checksum = "cfcb3a22ef46e85b45de6ee7e79d063319ebb6594faafcf1c225ea92ab6e9b92"
dependencies = [
 "semver 1.0.27",
]

[[package]]
name = "semver"
version = "0.9.0"
source = "registry+https://github.com/rust-lang/crates.io-index"
checksum = "1d7eb9ef2c18661902cc47e535f9bc51b78acd254da71d375c2f6720d9a40403"
dependencies = [
 "semver-parser",
]

[[package]]
name = "semver"
version = "1.0.27"
source = "registry+https://github.com/rust-lang/crates.io-index"
checksum = "d767eb0aabc880b29956c35734170f26ed551a859dbd361d140cdbeca61ab1e2"

[[package]]
name = "semver-parser"
version = "0.7.0"
source = "registry+https://github.com/rust-lang/crates.io-index"
checksum = "388a1df253eca08550bef6c72392cfe7c30914bf41df5269b68cbd6ff8f570a3"

[[package]]
name = "stable_deref_trait"
version = "1.2.1"
source = "registry+https://github.com/rust-lang/crates.io-index"
checksum = "6ce2be8dc25455e1f91df71bfa12ad37d7af1092ae736f3a6cd0e37bc7810596"

[[package]]
name = "stm32f4"
version = "0.13.0"
source = "registry+https://github.com/rust-lang/crates.io-index"
checksum = "da3d56009c8f32e4f208dbea17df72484154d1040a8969b75d8c73eb7b18fe8f"
dependencies = [
 "bare-metal 0.2.5",
 "cortex-m 0.7.7",
 "cortex-m-rt",
 "vcell",
]

[[package]]
name = "stm32f407g-disc"
version = "0.4.1"
source = "registry+https://github.com/rust-lang/crates.io-index"
checksum = "b89fe9c7beb2cffd0f5619628dbba639a7aea6d029a690ffe75ce400a83c5514"
dependencies = [
 "accelerometer",
 "cortex-m 0.7.7",
 "cortex-m-rt",
 "embedded-hal",
 "lis302dl",
 "panic-itm",
 "stm32f4xx-hal",
]

[[package]]
name = "stm32f4xx-hal"
version = "0.9.0"
source = "registry+https://github.com/rust-lang/crates.io-index"
checksum = "89b4cb13b1bb36e7381eaf8941062b1eba172542b9d4f72dc50c35c4ac6260f2"
dependencies = [
 "bare-metal 1.0.0",
 "cast",
 "cortex-m 0.7.7",
 "cortex-m-rt",
 "embedded-dma",
 "embedded-hal",
 "nb 1.1.0",
 "rand_core",
 "rtcc",
 "stm32f4",
 "void",
]

[[package]]
name = "syn"
version = "1.0.109"
source = "registry+https://github.com/rust-lang/crates.io-index"
checksum = "72b64191b275b66ffe2469e8af2c1cfe3bafa67b529ead792a6d0160888b4237"
dependencies = [
 "proc-macro2",
 "quote",
 "unicode-ident",
]

[[package]]
name = "typenum"
version = "1.19.0"
source = "registry+https://github.com/rust-lang/crates.io-index"
checksum = "562d481066bde0658276a35467c4af00bdc6ee726305698a55b86e61d7ad82bb"

[[package]]
name = "unicode-ident"
version = "1.0.20"
source = "registry+https://github.com/rust-lang/crates.io-index"
checksum = "462eeb75aeb73aea900253ce739c8e18a67423fadf006037cd3ff27e82748a06"

[[package]]
name = "vcell"
version = "0.1.3"
source = "registry+https://github.com/rust-lang/crates.io-index"
checksum = "77439c1b53d2303b20d9459b1ade71a83c716e3f9c34f3228c00e6f185d6c002"

[[package]]
name = "version_check"
version = "0.9.5"
source = "registry+https://github.com/rust-lang/crates.io-index"
checksum = "0b928f33d975fc6ad9f86c8f283853ad26bdd5b10b7f1542aa2fa15e2289105a"

[[package]]
name = "void"
version = "1.0.2"
source = "registry+https://github.com/rust-lang/crates.io-index"
checksum = "6a02e4885ed3bc0f2de90ea6dd45ebcbb66dacffe03547fadbb0eeae2770887d"

[[package]]
name = "volatile-register"
version = "0.2.2"
source = "registry+https://github.com/rust-lang/crates.io-index"
checksum = "de437e2a6208b014ab52972a27e59b33fa2920d3e00fe05026167a1c509d19cc"
dependencies = [
 "vcell",
]
